// !$*UTF8*$!
{
	archiveVersion = 1;
	classes = {
	};
	objectVersion = 50;
	objects = {

/* Begin PBXBuildFile section */
		5411CADB26C9882100498667 /* Color+Codable.swift in Sources */ = {isa = PBXBuildFile; fileRef = 5411CADA26C9882100498667 /* Color+Codable.swift */; };
		5411CADD26C99DCF00498667 /* ScrumsView.swift in Sources */ = {isa = PBXBuildFile; fileRef = 5411CADC26C99DCF00498667 /* ScrumsView.swift */; };
		5411CADF26C9B68500498667 /* DetailView.swift in Sources */ = {isa = PBXBuildFile; fileRef = 5411CADE26C9B68500498667 /* DetailView.swift */; };
		544D891626C6E3B700BB0B02 /* ScrumdingerApp.swift in Sources */ = {isa = PBXBuildFile; fileRef = 544D891526C6E3B700BB0B02 /* ScrumdingerApp.swift */; };
		544D891826C6E3B700BB0B02 /* MeetingView.swift in Sources */ = {isa = PBXBuildFile; fileRef = 544D891726C6E3B700BB0B02 /* MeetingView.swift */; };
		544D891A26C6E3B800BB0B02 /* Assets.xcassets in Resources */ = {isa = PBXBuildFile; fileRef = 544D891926C6E3B800BB0B02 /* Assets.xcassets */; };
		544D891D26C6E3B800BB0B02 /* Preview Assets.xcassets in Resources */ = {isa = PBXBuildFile; fileRef = 544D891C26C6E3B800BB0B02 /* Preview Assets.xcassets */; };
		544D892626C6EE8B00BB0B02 /* DailyScrum.swift in Sources */ = {isa = PBXBuildFile; fileRef = 544D892526C6EE8B00BB0B02 /* DailyScrum.swift */; };
		544D892826C6EFBF00BB0B02 /* CardView.swift in Sources */ = {isa = PBXBuildFile; fileRef = 544D892726C6EFBF00BB0B02 /* CardView.swift */; };
		545C511F26E28E0C00A63E70 /* MeetingHeaderView.swift in Sources */ = {isa = PBXBuildFile; fileRef = 545C511E26E28E0C00A63E70 /* MeetingHeaderView.swift */; };
		545C512126E2905000A63E70 /* ScrumProgressViewStyle.swift in Sources */ = {isa = PBXBuildFile; fileRef = 545C512026E2905000A63E70 /* ScrumProgressViewStyle.swift */; };
		545C512326E2914A00A63E70 /* ScrumTimer.swift in Sources */ = {isa = PBXBuildFile; fileRef = 545C512226E2914A00A63E70 /* ScrumTimer.swift */; };
		545C512526E2918000A63E70 /* AVPlayer+Ding.swift in Sources */ = {isa = PBXBuildFile; fileRef = 545C512426E2918000A63E70 /* AVPlayer+Ding.swift */; };
		54DE220726E3FF7000D46AD7 /* MeetingFooterView.swift in Sources */ = {isa = PBXBuildFile; fileRef = 54DE220626E3FF7000D46AD7 /* MeetingFooterView.swift */; };
		54F0DF30279C776B0062A15A /* Theme.swift in Sources */ = {isa = PBXBuildFile; fileRef = 54F0DF2F279C776B0062A15A /* Theme.swift */; };
		54F0DF32279C78920062A15A /* TrailingIconLabelStyle.swift in Sources */ = {isa = PBXBuildFile; fileRef = 54F0DF31279C78920062A15A /* TrailingIconLabelStyle.swift */; };
		54F0DF34279C7BDF0062A15A /* DetailEditView.swift in Sources */ = {isa = PBXBuildFile; fileRef = 54F0DF33279C7BDF0062A15A /* DetailEditView.swift */; };
		54F0DF36279C7F1C0062A15A /* ThemeView.swift in Sources */ = {isa = PBXBuildFile; fileRef = 54F0DF35279C7F1C0062A15A /* ThemeView.swift */; };
		54F0DF38279C7FAC0062A15A /* ThemePicker.swift in Sources */ = {isa = PBXBuildFile; fileRef = 54F0DF37279C7FAC0062A15A /* ThemePicker.swift */; };
		54F0DF3A279C85280062A15A /* History.swift in Sources */ = {isa = PBXBuildFile; fileRef = 54F0DF39279C85280062A15A /* History.swift */; };
/* End PBXBuildFile section */

/* Begin PBXFileReference section */
		5411CADA26C9882100498667 /* Color+Codable.swift */ = {isa = PBXFileReference; fileEncoding = 4; lastKnownFileType = sourcecode.swift; path = "Color+Codable.swift"; sourceTree = "<group>"; };
		5411CADC26C99DCF00498667 /* ScrumsView.swift */ = {isa = PBXFileReference; lastKnownFileType = sourcecode.swift; path = ScrumsView.swift; sourceTree = "<group>"; };
		5411CADE26C9B68500498667 /* DetailView.swift */ = {isa = PBXFileReference; lastKnownFileType = sourcecode.swift; path = DetailView.swift; sourceTree = "<group>"; };
		544D891226C6E3B700BB0B02 /* Scrumdinger.app */ = {isa = PBXFileReference; explicitFileType = wrapper.application; includeInIndex = 0; path = Scrumdinger.app; sourceTree = BUILT_PRODUCTS_DIR; };
		544D891526C6E3B700BB0B02 /* ScrumdingerApp.swift */ = {isa = PBXFileReference; lastKnownFileType = sourcecode.swift; path = ScrumdingerApp.swift; sourceTree = "<group>"; };
		544D891726C6E3B700BB0B02 /* MeetingView.swift */ = {isa = PBXFileReference; lastKnownFileType = sourcecode.swift; path = MeetingView.swift; sourceTree = "<group>"; };
		544D891926C6E3B800BB0B02 /* Assets.xcassets */ = {isa = PBXFileReference; lastKnownFileType = folder.assetcatalog; path = Assets.xcassets; sourceTree = "<group>"; };
		544D891C26C6E3B800BB0B02 /* Preview Assets.xcassets */ = {isa = PBXFileReference; lastKnownFileType = folder.assetcatalog; path = "Preview Assets.xcassets"; sourceTree = "<group>"; };
		544D891E26C6E3B800BB0B02 /* Info.plist */ = {isa = PBXFileReference; lastKnownFileType = text.plist.xml; path = Info.plist; sourceTree = "<group>"; };
		544D892526C6EE8B00BB0B02 /* DailyScrum.swift */ = {isa = PBXFileReference; lastKnownFileType = sourcecode.swift; path = DailyScrum.swift; sourceTree = "<group>"; };
		544D892726C6EFBF00BB0B02 /* CardView.swift */ = {isa = PBXFileReference; lastKnownFileType = sourcecode.swift; path = CardView.swift; sourceTree = "<group>"; };
		545C511E26E28E0C00A63E70 /* MeetingHeaderView.swift */ = {isa = PBXFileReference; lastKnownFileType = sourcecode.swift; path = MeetingHeaderView.swift; sourceTree = "<group>"; };
		545C512026E2905000A63E70 /* ScrumProgressViewStyle.swift */ = {isa = PBXFileReference; fileEncoding = 4; lastKnownFileType = sourcecode.swift; path = ScrumProgressViewStyle.swift; sourceTree = "<group>"; };
		545C512226E2914A00A63E70 /* ScrumTimer.swift */ = {isa = PBXFileReference; lastKnownFileType = sourcecode.swift; path = ScrumTimer.swift; sourceTree = "<group>"; };
		545C512426E2918000A63E70 /* AVPlayer+Ding.swift */ = {isa = PBXFileReference; fileEncoding = 4; lastKnownFileType = sourcecode.swift; path = "AVPlayer+Ding.swift"; sourceTree = "<group>"; };
		54DE220626E3FF7000D46AD7 /* MeetingFooterView.swift */ = {isa = PBXFileReference; lastKnownFileType = sourcecode.swift; path = MeetingFooterView.swift; sourceTree = "<group>"; };
		54F0DF2F279C776B0062A15A /* Theme.swift */ = {isa = PBXFileReference; lastKnownFileType = sourcecode.swift; path = Theme.swift; sourceTree = "<group>"; };
		54F0DF31279C78920062A15A /* TrailingIconLabelStyle.swift */ = {isa = PBXFileReference; lastKnownFileType = sourcecode.swift; path = TrailingIconLabelStyle.swift; sourceTree = "<group>"; };
		54F0DF33279C7BDF0062A15A /* DetailEditView.swift */ = {isa = PBXFileReference; lastKnownFileType = sourcecode.swift; path = DetailEditView.swift; sourceTree = "<group>"; };
		54F0DF35279C7F1C0062A15A /* ThemeView.swift */ = {isa = PBXFileReference; lastKnownFileType = sourcecode.swift; path = ThemeView.swift; sourceTree = "<group>"; };
		54F0DF37279C7FAC0062A15A /* ThemePicker.swift */ = {isa = PBXFileReference; lastKnownFileType = sourcecode.swift; path = ThemePicker.swift; sourceTree = "<group>"; };
		54F0DF39279C85280062A15A /* History.swift */ = {isa = PBXFileReference; lastKnownFileType = sourcecode.swift; path = History.swift; sourceTree = "<group>"; };
/* End PBXFileReference section */

/* Begin PBXFrameworksBuildPhase section */
		544D890F26C6E3B700BB0B02 /* Frameworks */ = {
			isa = PBXFrameworksBuildPhase;
			buildActionMask = 2147483647;
			files = (
			);
			runOnlyForDeploymentPostprocessing = 0;
		};
/* End PBXFrameworksBuildPhase section */

/* Begin PBXGroup section */
		544D890926C6E3B700BB0B02 = {
			isa = PBXGroup;
			children = (
				544D891426C6E3B700BB0B02 /* Scrumdinger */,
				544D891326C6E3B700BB0B02 /* Products */,
			);
			sourceTree = "<group>";
		};
		544D891326C6E3B700BB0B02 /* Products */ = {
			isa = PBXGroup;
			children = (
				544D891226C6E3B700BB0B02 /* Scrumdinger.app */,
			);
			name = Products;
			sourceTree = "<group>";
		};
		544D891426C6E3B700BB0B02 /* Scrumdinger */ = {
			isa = PBXGroup;
			children = (
				544D892426C6EE7C00BB0B02 /* Model */,
				544D891526C6E3B700BB0B02 /* ScrumdingerApp.swift */,
				545C511E26E28E0C00A63E70 /* MeetingHeaderView.swift */,
				54DE220626E3FF7000D46AD7 /* MeetingFooterView.swift */,
				544D891726C6E3B700BB0B02 /* MeetingView.swift */,
				544D891926C6E3B800BB0B02 /* Assets.xcassets */,
				544D891E26C6E3B800BB0B02 /* Info.plist */,
				544D891B26C6E3B800BB0B02 /* Preview Content */,
				544D892726C6EFBF00BB0B02 /* CardView.swift */,
				5411CADC26C99DCF00498667 /* ScrumsView.swift */,
				5411CADE26C9B68500498667 /* DetailView.swift */,
				545C512026E2905000A63E70 /* ScrumProgressViewStyle.swift */,
				54F0DF31279C78920062A15A /* TrailingIconLabelStyle.swift */,
				54F0DF33279C7BDF0062A15A /* DetailEditView.swift */,
				54F0DF35279C7F1C0062A15A /* ThemeView.swift */,
				54F0DF37279C7FAC0062A15A /* ThemePicker.swift */,
			);
			path = Scrumdinger;
			sourceTree = "<group>";
		};
		544D891B26C6E3B800BB0B02 /* Preview Content */ = {
			isa = PBXGroup;
			children = (
				544D891C26C6E3B800BB0B02 /* Preview Assets.xcassets */,
			);
			path = "Preview Content";
			sourceTree = "<group>";
		};
		544D892426C6EE7C00BB0B02 /* Model */ = {
			isa = PBXGroup;
			children = (
				545C512426E2918000A63E70 /* AVPlayer+Ding.swift */,
				5411CADA26C9882100498667 /* Color+Codable.swift */,
				544D892526C6EE8B00BB0B02 /* DailyScrum.swift */,
				545C512226E2914A00A63E70 /* ScrumTimer.swift */,
				54F0DF2F279C776B0062A15A /* Theme.swift */,
				54F0DF39279C85280062A15A /* History.swift */,
			);
			path = Model;
			sourceTree = "<group>";
		};
/* End PBXGroup section */

/* Begin PBXNativeTarget section */
		544D891126C6E3B700BB0B02 /* Scrumdinger */ = {
			isa = PBXNativeTarget;
			buildConfigurationList = 544D892126C6E3B800BB0B02 /* Build configuration list for PBXNativeTarget "Scrumdinger" */;
			buildPhases = (
				544D890E26C6E3B700BB0B02 /* Sources */,
				544D890F26C6E3B700BB0B02 /* Frameworks */,
				544D891026C6E3B700BB0B02 /* Resources */,
			);
			buildRules = (
			);
			dependencies = (
			);
			name = Scrumdinger;
			productName = Scrumdinger;
			productReference = 544D891226C6E3B700BB0B02 /* Scrumdinger.app */;
			productType = "com.apple.product-type.application";
		};
/* End PBXNativeTarget section */

/* Begin PBXProject section */
		544D890A26C6E3B700BB0B02 /* Project object */ = {
			isa = PBXProject;
			attributes = {
				LastSwiftUpdateCheck = 1250;
				LastUpgradeCheck = 1250;
				TargetAttributes = {
					544D891126C6E3B700BB0B02 = {
						CreatedOnToolsVersion = 12.5.1;
					};
				};
			};
			buildConfigurationList = 544D890D26C6E3B700BB0B02 /* Build configuration list for PBXProject "Scrumdinger" */;
			compatibilityVersion = "Xcode 9.3";
			developmentRegion = en;
			hasScannedForEncodings = 0;
			knownRegions = (
				en,
				Base,
			);
			mainGroup = 544D890926C6E3B700BB0B02;
			productRefGroup = 544D891326C6E3B700BB0B02 /* Products */;
			projectDirPath = "";
			projectRoot = "";
			targets = (
				544D891126C6E3B700BB0B02 /* Scrumdinger */,
			);
		};
/* End PBXProject section */

/* Begin PBXResourcesBuildPhase section */
		544D891026C6E3B700BB0B02 /* Resources */ = {
			isa = PBXResourcesBuildPhase;
			buildActionMask = 2147483647;
			files = (
				544D891D26C6E3B800BB0B02 /* Preview Assets.xcassets in Resources */,
				544D891A26C6E3B800BB0B02 /* Assets.xcassets in Resources */,
			);
			runOnlyForDeploymentPostprocessing = 0;
		};
/* End PBXResourcesBuildPhase section */

/* Begin PBXSourcesBuildPhase section */
		544D890E26C6E3B700BB0B02 /* Sources */ = {
			isa = PBXSourcesBuildPhase;
			buildActionMask = 2147483647;
			files = (
				54F0DF3A279C85280062A15A /* History.swift in Sources */,
				544D891826C6E3B700BB0B02 /* MeetingView.swift in Sources */,
				5411CADD26C99DCF00498667 /* ScrumsView.swift in Sources */,
				54F0DF38279C7FAC0062A15A /* ThemePicker.swift in Sources */,
				54F0DF34279C7BDF0062A15A /* DetailEditView.swift in Sources */,
				544D892626C6EE8B00BB0B02 /* DailyScrum.swift in Sources */,
				54DE220726E3FF7000D46AD7 /* MeetingFooterView.swift in Sources */,
				5411CADF26C9B68500498667 /* DetailView.swift in Sources */,
				544D892826C6EFBF00BB0B02 /* CardView.swift in Sources */,
				545C512326E2914A00A63E70 /* ScrumTimer.swift in Sources */,
				54F0DF36279C7F1C0062A15A /* ThemeView.swift in Sources */,
				545C512526E2918000A63E70 /* AVPlayer+Ding.swift in Sources */,
				545C511F26E28E0C00A63E70 /* MeetingHeaderView.swift in Sources */,
				5411CADB26C9882100498667 /* Color+Codable.swift in Sources */,
				545C512126E2905000A63E70 /* ScrumProgressViewStyle.swift in Sources */,
				544D891626C6E3B700BB0B02 /* ScrumdingerApp.swift in Sources */,
				54F0DF32279C78920062A15A /* TrailingIconLabelStyle.swift in Sources */,
				54F0DF30279C776B0062A15A /* Theme.swift in Sources */,
			);
			runOnlyForDeploymentPostprocessing = 0;
		};
/* End PBXSourcesBuildPhase section */

/* Begin XCBuildConfiguration section */
		544D891F26C6E3B800BB0B02 /* Debug */ = {
			isa = XCBuildConfiguration;
			buildSettings = {
				ALWAYS_SEARCH_USER_PATHS = NO;
				CLANG_ANALYZER_NONNULL = YES;
				CLANG_ANALYZER_NUMBER_OBJECT_CONVERSION = YES_AGGRESSIVE;
				CLANG_CXX_LANGUAGE_STANDARD = "gnu++14";
				CLANG_CXX_LIBRARY = "libc++";
				CLANG_ENABLE_MODULES = YES;
				CLANG_ENABLE_OBJC_ARC = YES;
				CLANG_ENABLE_OBJC_WEAK = YES;
				CLANG_WARN_BLOCK_CAPTURE_AUTORELEASING = YES;
				CLANG_WARN_BOOL_CONVERSION = YES;
				CLANG_WARN_COMMA = YES;
				CLANG_WARN_CONSTANT_CONVERSION = YES;
				CLANG_WARN_DEPRECATED_OBJC_IMPLEMENTATIONS = YES;
				CLANG_WARN_DIRECT_OBJC_ISA_USAGE = YES_ERROR;
				CLANG_WARN_DOCUMENTATION_COMMENTS = YES;
				CLANG_WARN_EMPTY_BODY = YES;
				CLANG_WARN_ENUM_CONVERSION = YES;
				CLANG_WARN_INFINITE_RECURSION = YES;
				CLANG_WARN_INT_CONVERSION = YES;
				CLANG_WARN_NON_LITERAL_NULL_CONVERSION = YES;
				CLANG_WARN_OBJC_IMPLICIT_RETAIN_SELF = YES;
				CLANG_WARN_OBJC_LITERAL_CONVERSION = YES;
				CLANG_WARN_OBJC_ROOT_CLASS = YES_ERROR;
				CLANG_WARN_QUOTED_INCLUDE_IN_FRAMEWORK_HEADER = YES;
				CLANG_WARN_RANGE_LOOP_ANALYSIS = YES;
				CLANG_WARN_STRICT_PROTOTYPES = YES;
				CLANG_WARN_SUSPICIOUS_MOVE = YES;
				CLANG_WARN_UNGUARDED_AVAILABILITY = YES_AGGRESSIVE;
				CLANG_WARN_UNREACHABLE_CODE = YES;
				CLANG_WARN__DUPLICATE_METHOD_MATCH = YES;
				COPY_PHASE_STRIP = NO;
				DEBUG_INFORMATION_FORMAT = dwarf;
				ENABLE_STRICT_OBJC_MSGSEND = YES;
				ENABLE_TESTABILITY = YES;
				GCC_C_LANGUAGE_STANDARD = gnu11;
				GCC_DYNAMIC_NO_PIC = NO;
				GCC_NO_COMMON_BLOCKS = YES;
				GCC_OPTIMIZATION_LEVEL = 0;
				GCC_PREPROCESSOR_DEFINITIONS = (
					"DEBUG=1",
					"$(inherited)",
				);
				GCC_WARN_64_TO_32_BIT_CONVERSION = YES;
				GCC_WARN_ABOUT_RETURN_TYPE = YES_ERROR;
				GCC_WARN_UNDECLARED_SELECTOR = YES;
				GCC_WARN_UNINITIALIZED_AUTOS = YES_AGGRESSIVE;
				GCC_WARN_UNUSED_FUNCTION = YES;
				GCC_WARN_UNUSED_VARIABLE = YES;
				IPHONEOS_DEPLOYMENT_TARGET = 14.5;
				MTL_ENABLE_DEBUG_INFO = INCLUDE_SOURCE;
				MTL_FAST_MATH = YES;
				ONLY_ACTIVE_ARCH = YES;
				SDKROOT = iphoneos;
				SWIFT_ACTIVE_COMPILATION_CONDITIONS = DEBUG;
				SWIFT_OPTIMIZATION_LEVEL = "-Onone";
			};
			name = Debug;
		};
		544D892026C6E3B800BB0B02 /* Release */ = {
			isa = XCBuildConfiguration;
			buildSettings = {
				ALWAYS_SEARCH_USER_PATHS = NO;
				CLANG_ANALYZER_NONNULL = YES;
				CLANG_ANALYZER_NUMBER_OBJECT_CONVERSION = YES_AGGRESSIVE;
				CLANG_CXX_LANGUAGE_STANDARD = "gnu++14";
				CLANG_CXX_LIBRARY = "libc++";
				CLANG_ENABLE_MODULES = YES;
				CLANG_ENABLE_OBJC_ARC = YES;
				CLANG_ENABLE_OBJC_WEAK = YES;
				CLANG_WARN_BLOCK_CAPTURE_AUTORELEASING = YES;
				CLANG_WARN_BOOL_CONVERSION = YES;
				CLANG_WARN_COMMA = YES;
				CLANG_WARN_CONSTANT_CONVERSION = YES;
				CLANG_WARN_DEPRECATED_OBJC_IMPLEMENTATIONS = YES;
				CLANG_WARN_DIRECT_OBJC_ISA_USAGE = YES_ERROR;
				CLANG_WARN_DOCUMENTATION_COMMENTS = YES;
				CLANG_WARN_EMPTY_BODY = YES;
				CLANG_WARN_ENUM_CONVERSION = YES;
				CLANG_WARN_INFINITE_RECURSION = YES;
				CLANG_WARN_INT_CONVERSION = YES;
				CLANG_WARN_NON_LITERAL_NULL_CONVERSION = YES;
				CLANG_WARN_OBJC_IMPLICIT_RETAIN_SELF = YES;
				CLANG_WARN_OBJC_LITERAL_CONVERSION = YES;
				CLANG_WARN_OBJC_ROOT_CLASS = YES_ERROR;
				CLANG_WARN_QUOTED_INCLUDE_IN_FRAMEWORK_HEADER = YES;
				CLANG_WARN_RANGE_LOOP_ANALYSIS = YES;
				CLANG_WARN_STRICT_PROTOTYPES = YES;
				CLANG_WARN_SUSPICIOUS_MOVE = YES;
				CLANG_WARN_UNGUARDED_AVAILABILITY = YES_AGGRESSIVE;
				CLANG_WARN_UNREACHABLE_CODE = YES;
				CLANG_WARN__DUPLICATE_METHOD_MATCH = YES;
				COPY_PHASE_STRIP = NO;
				DEBUG_INFORMATION_FORMAT = "dwarf-with-dsym";
				ENABLE_NS_ASSERTIONS = NO;
				ENABLE_STRICT_OBJC_MSGSEND = YES;
				GCC_C_LANGUAGE_STANDARD = gnu11;
				GCC_NO_COMMON_BLOCKS = YES;
				GCC_WARN_64_TO_32_BIT_CONVERSION = YES;
				GCC_WARN_ABOUT_RETURN_TYPE = YES_ERROR;
				GCC_WARN_UNDECLARED_SELECTOR = YES;
				GCC_WARN_UNINITIALIZED_AUTOS = YES_AGGRESSIVE;
				GCC_WARN_UNUSED_FUNCTION = YES;
				GCC_WARN_UNUSED_VARIABLE = YES;
				IPHONEOS_DEPLOYMENT_TARGET = 14.5;
				MTL_ENABLE_DEBUG_INFO = NO;
				MTL_FAST_MATH = YES;
				SDKROOT = iphoneos;
				SWIFT_COMPILATION_MODE = wholemodule;
				SWIFT_OPTIMIZATION_LEVEL = "-O";
				VALIDATE_PRODUCT = YES;
			};
			name = Release;
		};
		544D892226C6E3B800BB0B02 /* Debug */ = {
			isa = XCBuildConfiguration;
			buildSettings = {
				ASSETCATALOG_COMPILER_APPICON_NAME = AppIcon;
				ASSETCATALOG_COMPILER_GLOBAL_ACCENT_COLOR_NAME = AccentColor;
				CODE_SIGN_STYLE = Automatic;
				DEVELOPMENT_ASSET_PATHS = "\"Scrumdinger/Preview Content\"";
				DEVELOPMENT_TEAM = PA7T23D68R;
				ENABLE_PREVIEWS = YES;
				INFOPLIST_FILE = Scrumdinger/Info.plist;
				IPHONEOS_DEPLOYMENT_TARGET = 14.0;
				LD_RUNPATH_SEARCH_PATHS = (
					"$(inherited)",
					"@executable_path/Frameworks",
				);
				PRODUCT_BUNDLE_IDENTIFIER = com.fvaliavko.Scrumdinger;
				PRODUCT_NAME = "$(TARGET_NAME)";
				SWIFT_VERSION = 5.0;
				TARGETED_DEVICE_FAMILY = "1,2";
			};
			name = Debug;
		};
		544D892326C6E3B800BB0B02 /* Release */ = {
			isa = XCBuildConfiguration;
			buildSettings = {
				ASSETCATALOG_COMPILER_APPICON_NAME = AppIcon;
				ASSETCATALOG_COMPILER_GLOBAL_ACCENT_COLOR_NAME = AccentColor;
				CODE_SIGN_STYLE = Automatic;
				DEVELOPMENT_ASSET_PATHS = "\"Scrumdinger/Preview Content\"";
				DEVELOPMENT_TEAM = PA7T23D68R;
				ENABLE_PREVIEWS = YES;
				INFOPLIST_FILE = Scrumdinger/Info.plist;
				IPHONEOS_DEPLOYMENT_TARGET = 14.0;
				LD_RUNPATH_SEARCH_PATHS = (
					"$(inherited)",
					"@executable_path/Frameworks",
				);
				PRODUCT_BUNDLE_IDENTIFIER = com.fvaliavko.Scrumdinger;
				PRODUCT_NAME = "$(TARGET_NAME)";
				SWIFT_VERSION = 5.0;
				TARGETED_DEVICE_FAMILY = "1,2";
			};
			name = Release;
		};
/* End XCBuildConfiguration section */

/* Begin XCConfigurationList section */
		544D890D26C6E3B700BB0B02 /* Build configuration list for PBXProject "Scrumdinger" */ = {
			isa = XCConfigurationList;
			buildConfigurations = (
				544D891F26C6E3B800BB0B02 /* Debug */,
				544D892026C6E3B800BB0B02 /* Release */,
			);
			defaultConfigurationIsVisible = 0;
			defaultConfigurationName = Release;
		};
		544D892126C6E3B800BB0B02 /* Build configuration list for PBXNativeTarget "Scrumdinger" */ = {
			isa = XCConfigurationList;
			buildConfigurations = (
				544D892226C6E3B800BB0B02 /* Debug */,
				544D892326C6E3B800BB0B02 /* Release */,
			);
			defaultConfigurationIsVisible = 0;
			defaultConfigurationName = Release;
		};
/* End XCConfigurationList section */
	};
	rootObject = 544D890A26C6E3B700BB0B02 /* Project object */;
}
